// !$*UTF8*$!
{
	archiveVersion = 1;
	classes = {
	};
	objectVersion = 46;
	objects = {

/* Begin PBXBuildFile section */
		261C1D4B1F45FD7800EB1A21 /* BookSecondCustomTableViewCell.swift in Sources */ = {isa = PBXBuildFile; fileRef = 261C1D491F45FD7800EB1A21 /* BookSecondCustomTableViewCell.swift */; };
		261C1D4C1F45FD7800EB1A21 /* BookSecondCustomTableViewCell.xib in Resources */ = {isa = PBXBuildFile; fileRef = 261C1D4A1F45FD7800EB1A21 /* BookSecondCustomTableViewCell.xib */; };
		2624B6181F32647C005B9819 /* AppDelegate.swift in Sources */ = {isa = PBXBuildFile; fileRef = 2624B6171F32647C005B9819 /* AppDelegate.swift */; };
		2624B61F1F32647C005B9819 /* Assets.xcassets in Resources */ = {isa = PBXBuildFile; fileRef = 2624B61E1F32647C005B9819 /* Assets.xcassets */; };
		2624B6221F32647C005B9819 /* LaunchScreen.storyboard in Resources */ = {isa = PBXBuildFile; fileRef = 2624B6201F32647C005B9819 /* LaunchScreen.storyboard */; };
		264A70571F3CBFBF00016D05 /* UIKitExtensions.swift in Sources */ = {isa = PBXBuildFile; fileRef = 264A70561F3CBFBF00016D05 /* UIKitExtensions.swift */; };
		264A70591F3CBFDC00016D05 /* DateExtensions.swift in Sources */ = {isa = PBXBuildFile; fileRef = 264A70581F3CBFDC00016D05 /* DateExtensions.swift */; };
		264A705B1F3CEAEF00016D05 /* ModelTestBook.swift in Sources */ = {isa = PBXBuildFile; fileRef = 264A705A1F3CEAEF00016D05 /* ModelTestBook.swift */; };
		264A705D1F3CEDC300016D05 /* RepositoryTestLocal.swift in Sources */ = {isa = PBXBuildFile; fileRef = 264A705C1F3CEDC300016D05 /* RepositoryTestLocal.swift */; };
		26786B081F49F28000904815 /* ListCustomTableViewCell.swift in Sources */ = {isa = PBXBuildFile; fileRef = 26786B061F49F28000904815 /* ListCustomTableViewCell.swift */; };
		26786B091F49F28000904815 /* ListCustomTableViewCell.xib in Resources */ = {isa = PBXBuildFile; fileRef = 26786B071F49F28000904815 /* ListCustomTableViewCell.xib */; };
		26786B0F1F49F51E00904815 /* BookListTableViewController.swift in Sources */ = {isa = PBXBuildFile; fileRef = 26786B0E1F49F51E00904815 /* BookListTableViewController.swift */; };
		26786B131F4A00CC00904815 /* juego-de-tronos-28.jpg in Resources */ = {isa = PBXBuildFile; fileRef = 26786B121F4A00CC00904815 /* juego-de-tronos-28.jpg */; };
		2678DDEC1F40C7AD0061D925 /* BookFirstCustomTableViewCell.swift in Sources */ = {isa = PBXBuildFile; fileRef = 2678DDEA1F40C7AD0061D925 /* BookFirstCustomTableViewCell.swift */; };
		2678DDED1F40C7AD0061D925 /* BookFirstCustomTableViewCell.xib in Resources */ = {isa = PBXBuildFile; fileRef = 2678DDEB1F40C7AD0061D925 /* BookFirstCustomTableViewCell.xib */; };
		2680A2F01F4AEB17006F8EF1 /* AuthorListTableViewController.swift in Sources */ = {isa = PBXBuildFile; fileRef = 2680A2EF1F4AEB17006F8EF1 /* AuthorListTableViewController.swift */; };
		2680A2F31F4AED9B006F8EF1 /* George_RR_Martin.jpg in Resources */ = {isa = PBXBuildFile; fileRef = 2680A2F11F4AED9B006F8EF1 /* George_RR_Martin.jpg */; };
		2680A2F41F4AED9B006F8EF1 /* Richard_Matheson.jpg in Resources */ = {isa = PBXBuildFile; fileRef = 2680A2F21F4AED9B006F8EF1 /* Richard_Matheson.jpg */; };
		2680A2F81F4AEF7D006F8EF1 /* AuthorTableViewController.swift in Sources */ = {isa = PBXBuildFile; fileRef = 2680A2F71F4AEF7D006F8EF1 /* AuthorTableViewController.swift */; };
		2680A2FC1F4AF567006F8EF1 /* bookIcon.png in Resources */ = {isa = PBXBuildFile; fileRef = 2680A2F91F4AF567006F8EF1 /* bookIcon.png */; };
		2680A2FD1F4AF567006F8EF1 /* logo_gigamesh.gif in Resources */ = {isa = PBXBuildFile; fileRef = 2680A2FA1F4AF567006F8EF1 /* logo_gigamesh.gif */; };
		2680A2FE1F4AF567006F8EF1 /* noAuthorPhoto.jpg in Resources */ = {isa = PBXBuildFile; fileRef = 2680A2FB1F4AF567006F8EF1 /* noAuthorPhoto.jpg */; };
		2680A3011F4AF6EA006F8EF1 /* StartViewController.swift in Sources */ = {isa = PBXBuildFile; fileRef = 2680A2FF1F4AF6EA006F8EF1 /* StartViewController.swift */; };
		2680A3021F4AF6EA006F8EF1 /* StartViewController.xib in Resources */ = {isa = PBXBuildFile; fileRef = 2680A3001F4AF6EA006F8EF1 /* StartViewController.xib */; };
		26AECB171F4ACA0600A3CCBA /* DescCustomTableViewCell.swift in Sources */ = {isa = PBXBuildFile; fileRef = 26AECB151F4ACA0600A3CCBA /* DescCustomTableViewCell.swift */; };
		26AECB181F4ACA0600A3CCBA /* DescCustomTableViewCell.xib in Resources */ = {isa = PBXBuildFile; fileRef = 26AECB161F4ACA0600A3CCBA /* DescCustomTableViewCell.xib */; };
		26BFA9C11F37897E009EA30E /* Author.swift in Sources */ = {isa = PBXBuildFile; fileRef = 26BFA9C01F37897E009EA30E /* Author.swift */; };
		26BFA9C31F378DF0009EA30E /* Book.swift in Sources */ = {isa = PBXBuildFile; fileRef = 26BFA9C21F378DF0009EA30E /* Book.swift */; };
		26BFA9C51F379817009EA30E /* ModelTestAuthor.swift in Sources */ = {isa = PBXBuildFile; fileRef = 26BFA9C41F379817009EA30E /* ModelTestAuthor.swift */; };
		26BFA9C71F3799EC009EA30E /* Repository.swift in Sources */ = {isa = PBXBuildFile; fileRef = 26BFA9C61F3799EC009EA30E /* Repository.swift */; };
		26CD853A1F436BDB00A9541A /* BookTableViewController.swift in Sources */ = {isa = PBXBuildFile; fileRef = 26CD85391F436BDB00A9541A /* BookTableViewController.swift */; };
		26E314EE1F36418500C9C3CF /* el-caballero-de-los-siete-reinos-67.jpg in Resources */ = {isa = PBXBuildFile; fileRef = 26E314EA1F36418500C9C3CF /* el-caballero-de-los-siete-reinos-67.jpg */; };
		26E314EF1F36418500C9C3CF /* Authors.json in Resources */ = {isa = PBXBuildFile; fileRef = 26E314EC1F36418500C9C3CF /* Authors.json */; };
		26E314F01F36418500C9C3CF /* Books.json in Resources */ = {isa = PBXBuildFile; fileRef = 26E314ED1F36418500C9C3CF /* Books.json */; };
/* End PBXBuildFile section */

/* Begin PBXContainerItemProxy section */
		2624B6291F32647C005B9819 /* PBXContainerItemProxy */ = {
			isa = PBXContainerItemProxy;
			containerPortal = 2624B60C1F32647C005B9819 /* Project object */;
			proxyType = 1;
			remoteGlobalIDString = 2624B6131F32647C005B9819;
			remoteInfo = GigameshBasic;
		};
/* End PBXContainerItemProxy section */

/* Begin PBXFileReference section */
		261C1D491F45FD7800EB1A21 /* BookSecondCustomTableViewCell.swift */ = {isa = PBXFileReference; fileEncoding = 4; lastKnownFileType = sourcecode.swift; name = BookSecondCustomTableViewCell.swift; path = Controllers/CustomViewCells/Books/BookSecondCustomTableViewCell.swift; sourceTree = "<group>"; };
		261C1D4A1F45FD7800EB1A21 /* BookSecondCustomTableViewCell.xib */ = {isa = PBXFileReference; fileEncoding = 4; lastKnownFileType = file.xib; name = BookSecondCustomTableViewCell.xib; path = Controllers/CustomViewCells/Books/BookSecondCustomTableViewCell.xib; sourceTree = "<group>"; };
		2624B6141F32647C005B9819 /* GigameshBasic.app */ = {isa = PBXFileReference; explicitFileType = wrapper.application; includeInIndex = 0; path = GigameshBasic.app; sourceTree = BUILT_PRODUCTS_DIR; };
		2624B6171F32647C005B9819 /* AppDelegate.swift */ = {isa = PBXFileReference; lastKnownFileType = sourcecode.swift; path = AppDelegate.swift; sourceTree = "<group>"; };
		2624B61E1F32647C005B9819 /* Assets.xcassets */ = {isa = PBXFileReference; lastKnownFileType = folder.assetcatalog; path = Assets.xcassets; sourceTree = "<group>"; };
		2624B6211F32647C005B9819 /* Base */ = {isa = PBXFileReference; lastKnownFileType = file.storyboard; name = Base; path = Base.lproj/LaunchScreen.storyboard; sourceTree = "<group>"; };
		2624B6231F32647C005B9819 /* Info.plist */ = {isa = PBXFileReference; lastKnownFileType = text.plist.xml; path = Info.plist; sourceTree = "<group>"; };
		2624B6281F32647C005B9819 /* GigameshBasicTests.xctest */ = {isa = PBXFileReference; explicitFileType = wrapper.cfbundle; includeInIndex = 0; path = GigameshBasicTests.xctest; sourceTree = BUILT_PRODUCTS_DIR; };
		2624B62E1F32647C005B9819 /* Info.plist */ = {isa = PBXFileReference; lastKnownFileType = text.plist.xml; path = Info.plist; sourceTree = "<group>"; };
		264A70561F3CBFBF00016D05 /* UIKitExtensions.swift */ = {isa = PBXFileReference; fileEncoding = 4; lastKnownFileType = sourcecode.swift; path = UIKitExtensions.swift; sourceTree = "<group>"; };
		264A70581F3CBFDC00016D05 /* DateExtensions.swift */ = {isa = PBXFileReference; fileEncoding = 4; lastKnownFileType = sourcecode.swift; path = DateExtensions.swift; sourceTree = "<group>"; };
		264A705A1F3CEAEF00016D05 /* ModelTestBook.swift */ = {isa = PBXFileReference; fileEncoding = 4; lastKnownFileType = sourcecode.swift; path = ModelTestBook.swift; sourceTree = "<group>"; };
		264A705C1F3CEDC300016D05 /* RepositoryTestLocal.swift */ = {isa = PBXFileReference; fileEncoding = 4; lastKnownFileType = sourcecode.swift; path = RepositoryTestLocal.swift; sourceTree = "<group>"; };
		26786B061F49F28000904815 /* ListCustomTableViewCell.swift */ = {isa = PBXFileReference; fileEncoding = 4; lastKnownFileType = sourcecode.swift; name = ListCustomTableViewCell.swift; path = Controllers/CustomViewCells/ListCustomTableViewCell.swift; sourceTree = "<group>"; };
		26786B071F49F28000904815 /* ListCustomTableViewCell.xib */ = {isa = PBXFileReference; fileEncoding = 4; lastKnownFileType = file.xib; name = ListCustomTableViewCell.xib; path = Controllers/CustomViewCells/ListCustomTableViewCell.xib; sourceTree = "<group>"; };
		26786B0E1F49F51E00904815 /* BookListTableViewController.swift */ = {isa = PBXFileReference; fileEncoding = 4; lastKnownFileType = sourcecode.swift; name = BookListTableViewController.swift; path = Controllers/NotGenerics/BookListTableViewController.swift; sourceTree = "<group>"; };
		26786B121F4A00CC00904815 /* juego-de-tronos-28.jpg */ = {isa = PBXFileReference; lastKnownFileType = image.jpeg; path = "juego-de-tronos-28.jpg"; sourceTree = "<group>"; };
		2678DDEA1F40C7AD0061D925 /* BookFirstCustomTableViewCell.swift */ = {isa = PBXFileReference; fileEncoding = 4; lastKnownFileType = sourcecode.swift; name = BookFirstCustomTableViewCell.swift; path = Controllers/CustomViewCells/Books/BookFirstCustomTableViewCell.swift; sourceTree = "<group>"; };
		2678DDEB1F40C7AD0061D925 /* BookFirstCustomTableViewCell.xib */ = {isa = PBXFileReference; fileEncoding = 4; lastKnownFileType = file.xib; name = BookFirstCustomTableViewCell.xib; path = Controllers/CustomViewCells/Books/BookFirstCustomTableViewCell.xib; sourceTree = "<group>"; };
		2680A2EF1F4AEB17006F8EF1 /* AuthorListTableViewController.swift */ = {isa = PBXFileReference; fileEncoding = 4; lastKnownFileType = sourcecode.swift; name = AuthorListTableViewController.swift; path = Controllers/NotGenerics/AuthorListTableViewController.swift; sourceTree = "<group>"; };
		2680A2F11F4AED9B006F8EF1 /* George_RR_Martin.jpg */ = {isa = PBXFileReference; lastKnownFileType = image.jpeg; path = George_RR_Martin.jpg; sourceTree = "<group>"; };
		2680A2F21F4AED9B006F8EF1 /* Richard_Matheson.jpg */ = {isa = PBXFileReference; lastKnownFileType = image.jpeg; path = Richard_Matheson.jpg; sourceTree = "<group>"; };
		2680A2F71F4AEF7D006F8EF1 /* AuthorTableViewController.swift */ = {isa = PBXFileReference; fileEncoding = 4; lastKnownFileType = sourcecode.swift; name = AuthorTableViewController.swift; path = Controllers/NotGenerics/AuthorTableViewController.swift; sourceTree = "<group>"; };
		2680A2F91F4AF567006F8EF1 /* bookIcon.png */ = {isa = PBXFileReference; lastKnownFileType = image.png; path = bookIcon.png; sourceTree = "<group>"; };
		2680A2FA1F4AF567006F8EF1 /* logo_gigamesh.gif */ = {isa = PBXFileReference; lastKnownFileType = image.gif; path = logo_gigamesh.gif; sourceTree = "<group>"; };
		2680A2FB1F4AF567006F8EF1 /* noAuthorPhoto.jpg */ = {isa = PBXFileReference; lastKnownFileType = image.jpeg; path = noAuthorPhoto.jpg; sourceTree = "<group>"; };
		2680A2FF1F4AF6EA006F8EF1 /* StartViewController.swift */ = {isa = PBXFileReference; fileEncoding = 4; lastKnownFileType = sourcecode.swift; name = StartViewController.swift; path = Controllers/NotGenerics/StartViewController.swift; sourceTree = "<group>"; };
		2680A3001F4AF6EA006F8EF1 /* StartViewController.xib */ = {isa = PBXFileReference; fileEncoding = 4; lastKnownFileType = file.xib; name = StartViewController.xib; path = Controllers/NotGenerics/StartViewController.xib; sourceTree = "<group>"; };
		26AECB151F4ACA0600A3CCBA /* DescCustomTableViewCell.swift */ = {isa = PBXFileReference; fileEncoding = 4; lastKnownFileType = sourcecode.swift; name = DescCustomTableViewCell.swift; path = Controllers/CustomViewCells/DescCustomTableViewCell.swift; sourceTree = "<group>"; };
		26AECB161F4ACA0600A3CCBA /* DescCustomTableViewCell.xib */ = {isa = PBXFileReference; fileEncoding = 4; lastKnownFileType = file.xib; name = DescCustomTableViewCell.xib; path = Controllers/CustomViewCells/DescCustomTableViewCell.xib; sourceTree = "<group>"; };
		26BFA9C01F37897E009EA30E /* Author.swift */ = {isa = PBXFileReference; fileEncoding = 4; lastKnownFileType = sourcecode.swift; name = Author.swift; path = Models/Author.swift; sourceTree = "<group>"; };
		26BFA9C21F378DF0009EA30E /* Book.swift */ = {isa = PBXFileReference; fileEncoding = 4; lastKnownFileType = sourcecode.swift; name = Book.swift; path = Models/Book.swift; sourceTree = "<group>"; };
		26BFA9C41F379817009EA30E /* ModelTestAuthor.swift */ = {isa = PBXFileReference; fileEncoding = 4; lastKnownFileType = sourcecode.swift; path = ModelTestAuthor.swift; sourceTree = "<group>"; };
		26BFA9C61F3799EC009EA30E /* Repository.swift */ = {isa = PBXFileReference; fileEncoding = 4; lastKnownFileType = sourcecode.swift; name = Repository.swift; path = Repository/Repository.swift; sourceTree = "<group>"; };
		26CD85391F436BDB00A9541A /* BookTableViewController.swift */ = {isa = PBXFileReference; fileEncoding = 4; lastKnownFileType = sourcecode.swift; name = BookTableViewController.swift; path = Controllers/NotGenerics/BookTableViewController.swift; sourceTree = "<group>"; };
		26E314E31F36414700C9C3CF /* es */ = {isa = PBXFileReference; lastKnownFileType = text.plist.strings; name = es; path = es.lproj/LaunchScreen.strings; sourceTree = "<group>"; };
		26E314EA1F36418500C9C3CF /* el-caballero-de-los-siete-reinos-67.jpg */ = {isa = PBXFileReference; lastKnownFileType = image.jpeg; path = "el-caballero-de-los-siete-reinos-67.jpg"; sourceTree = "<group>"; };
		26E314EC1F36418500C9C3CF /* Authors.json */ = {isa = PBXFileReference; fileEncoding = 4; lastKnownFileType = text.json; path = Authors.json; sourceTree = "<group>"; };
		26E314ED1F36418500C9C3CF /* Books.json */ = {isa = PBXFileReference; fileEncoding = 4; lastKnownFileType = text.json; path = Books.json; sourceTree = "<group>"; };
/* End PBXFileReference section */

/* Begin PBXFrameworksBuildPhase section */
		2624B6111F32647C005B9819 /* Frameworks */ = {
			isa = PBXFrameworksBuildPhase;
			buildActionMask = 2147483647;
			files = (
			);
			runOnlyForDeploymentPostprocessing = 0;
		};
		2624B6251F32647C005B9819 /* Frameworks */ = {
			isa = PBXFrameworksBuildPhase;
			buildActionMask = 2147483647;
			files = (
			);
			runOnlyForDeploymentPostprocessing = 0;
		};
/* End PBXFrameworksBuildPhase section */

/* Begin PBXGroup section */
		2624B60B1F32647C005B9819 = {
			isa = PBXGroup;
			children = (
				2624B6161F32647C005B9819 /* GigameshBasic */,
				2624B62B1F32647C005B9819 /* GigameshBasicTests */,
				2624B6151F32647C005B9819 /* Products */,
			);
			sourceTree = "<group>";
		};
		2624B6151F32647C005B9819 /* Products */ = {
			isa = PBXGroup;
			children = (
				2624B6141F32647C005B9819 /* GigameshBasic.app */,
				2624B6281F32647C005B9819 /* GigameshBasicTests.xctest */,
			);
			name = Products;
			sourceTree = "<group>";
		};
		2624B6161F32647C005B9819 /* GigameshBasic */ = {
			isa = PBXGroup;
			children = (
				2624B6171F32647C005B9819 /* AppDelegate.swift */,
				264A70551F3CBF9E00016D05 /* CocoaExtensions */,
				264A70611F3CF37700016D05 /* Configuration */,
				2624B6391F3268DC005B9819 /* Controllers */,
				2624B6381F3268D2005B9819 /* Models */,
				2624B63A1F326925005B9819 /* Repository */,
				26E314E61F36418500C9C3CF /* Resources */,
				2624B6371F3264A3005B9819 /* SystemFile */,
			);
			path = GigameshBasic;
			sourceTree = "<group>";
		};
		2624B62B1F32647C005B9819 /* GigameshBasicTests */ = {
			isa = PBXGroup;
			children = (
				2624B62E1F32647C005B9819 /* Info.plist */,
				26BFA9C41F379817009EA30E /* ModelTestAuthor.swift */,
				264A705A1F3CEAEF00016D05 /* ModelTestBook.swift */,
				264A705C1F3CEDC300016D05 /* RepositoryTestLocal.swift */,
			);
			path = GigameshBasicTests;
			sourceTree = "<group>";
		};
		2624B6371F3264A3005B9819 /* SystemFile */ = {
			isa = PBXGroup;
			children = (
				2624B61E1F32647C005B9819 /* Assets.xcassets */,
				2624B6201F32647C005B9819 /* LaunchScreen.storyboard */,
				2624B6231F32647C005B9819 /* Info.plist */,
			);
			name = SystemFile;
			sourceTree = "<group>";
		};
		2624B6381F3268D2005B9819 /* Models */ = {
			isa = PBXGroup;
			children = (
				26BFA9C01F37897E009EA30E /* Author.swift */,
				26BFA9C21F378DF0009EA30E /* Book.swift */,
			);
			name = Models;
			sourceTree = "<group>";
		};
		2624B6391F3268DC005B9819 /* Controllers */ = {
			isa = PBXGroup;
			children = (
				264A70601F3CF34700016D05 /* CustomViewCells */,
				264A705F1F3CF33B00016D05 /* NotGenerics */,
				264A705E1F3CF32000016D05 /* IsGenerics */,
			);
			name = Controllers;
			sourceTree = "<group>";
		};
		2624B63A1F326925005B9819 /* Repository */ = {
			isa = PBXGroup;
			children = (
				26BFA9C61F3799EC009EA30E /* Repository.swift */,
			);
			name = Repository;
			sourceTree = "<group>";
		};
		264A70551F3CBF9E00016D05 /* CocoaExtensions */ = {
			isa = PBXGroup;
			children = (
				264A70581F3CBFDC00016D05 /* DateExtensions.swift */,
				264A70561F3CBFBF00016D05 /* UIKitExtensions.swift */,
			);
			name = CocoaExtensions;
			sourceTree = "<group>";
		};
		264A705E1F3CF32000016D05 /* IsGenerics */ = {
			isa = PBXGroup;
			children = (
				26CD85181F43569C00A9541A /* DataSources */,
				26CD85171F43569600A9541A /* Delegates */,
			);
			name = IsGenerics;
			sourceTree = "<group>";
		};
		264A705F1F3CF33B00016D05 /* NotGenerics */ = {
			isa = PBXGroup;
			children = (
				2680A2EF1F4AEB17006F8EF1 /* AuthorListTableViewController.swift */,
				2680A2F71F4AEF7D006F8EF1 /* AuthorTableViewController.swift */,
				26786B0E1F49F51E00904815 /* BookListTableViewController.swift */,
				26CD85391F436BDB00A9541A /* BookTableViewController.swift */,
				2680A2FF1F4AF6EA006F8EF1 /* StartViewController.swift */,
				2680A3001F4AF6EA006F8EF1 /* StartViewController.xib */,
			);
			name = NotGenerics;
			sourceTree = "<group>";
		};
		264A70601F3CF34700016D05 /* CustomViewCells */ = {
			isa = PBXGroup;
			children = (
				2678DDEF1F40C7BD0061D925 /* Book */,
				26786B061F49F28000904815 /* ListCustomTableViewCell.swift */,
				26786B071F49F28000904815 /* ListCustomTableViewCell.xib */,
				26AECB151F4ACA0600A3CCBA /* DescCustomTableViewCell.swift */,
				26AECB161F4ACA0600A3CCBA /* DescCustomTableViewCell.xib */,
			);
			name = CustomViewCells;
			sourceTree = "<group>";
		};
		264A70611F3CF37700016D05 /* Configuration */ = {
			isa = PBXGroup;
			children = (
			);
			name = Configuration;
			sourceTree = "<group>";
		};
		2678DDEF1F40C7BD0061D925 /* Book */ = {
			isa = PBXGroup;
			children = (
				2678DDEA1F40C7AD0061D925 /* BookFirstCustomTableViewCell.swift */,
				2678DDEB1F40C7AD0061D925 /* BookFirstCustomTableViewCell.xib */,
				261C1D491F45FD7800EB1A21 /* BookSecondCustomTableViewCell.swift */,
				261C1D4A1F45FD7800EB1A21 /* BookSecondCustomTableViewCell.xib */,
			);
			name = Book;
			sourceTree = "<group>";
		};
		26CD85171F43569600A9541A /* Delegates */ = {
			isa = PBXGroup;
			children = (
			);
			name = Delegates;
			sourceTree = "<group>";
		};
		26CD85181F43569C00A9541A /* DataSources */ = {
			isa = PBXGroup;
			children = (
			);
			name = DataSources;
			sourceTree = "<group>";
		};
		26E314E61F36418500C9C3CF /* Resources */ = {
			isa = PBXGroup;
			children = (
				26E314E71F36418500C9C3CF /* Authors */,
				26E314E81F36418500C9C3CF /* Company */,
				26E314E91F36418500C9C3CF /* Covers */,
				26E314EB1F36418500C9C3CF /* JSONData */,
			);
			path = Resources;
			sourceTree = "<group>";
		};
		26E314E71F36418500C9C3CF /* Authors */ = {
			isa = PBXGroup;
			children = (
				2680A2F11F4AED9B006F8EF1 /* George_RR_Martin.jpg */,
				2680A2F21F4AED9B006F8EF1 /* Richard_Matheson.jpg */,
			);
			path = Authors;
			sourceTree = "<group>";
		};
		26E314E81F36418500C9C3CF /* Company */ = {
			isa = PBXGroup;
			children = (
				2680A2F91F4AF567006F8EF1 /* bookIcon.png */,
				2680A2FA1F4AF567006F8EF1 /* logo_gigamesh.gif */,
				2680A2FB1F4AF567006F8EF1 /* noAuthorPhoto.jpg */,
			);
			path = Company;
			sourceTree = "<group>";
		};
		26E314E91F36418500C9C3CF /* Covers */ = {
			isa = PBXGroup;
			children = (
				26786B121F4A00CC00904815 /* juego-de-tronos-28.jpg */,
				26E314EA1F36418500C9C3CF /* el-caballero-de-los-siete-reinos-67.jpg */,
			);
			path = Covers;
			sourceTree = "<group>";
		};
		26E314EB1F36418500C9C3CF /* JSONData */ = {
			isa = PBXGroup;
			children = (
				26E314EC1F36418500C9C3CF /* Authors.json */,
				26E314ED1F36418500C9C3CF /* Books.json */,
			);
			path = JSONData;
			sourceTree = "<group>";
		};
/* End PBXGroup section */

/* Begin PBXNativeTarget section */
		2624B6131F32647C005B9819 /* GigameshBasic */ = {
			isa = PBXNativeTarget;
			buildConfigurationList = 2624B6311F32647C005B9819 /* Build configuration list for PBXNativeTarget "GigameshBasic" */;
			buildPhases = (
				2624B6101F32647C005B9819 /* Sources */,
				2624B6111F32647C005B9819 /* Frameworks */,
				2624B6121F32647C005B9819 /* Resources */,
			);
			buildRules = (
			);
			dependencies = (
			);
			name = GigameshBasic;
			productName = GigameshBasic;
			productReference = 2624B6141F32647C005B9819 /* GigameshBasic.app */;
			productType = "com.apple.product-type.application";
		};
		2624B6271F32647C005B9819 /* GigameshBasicTests */ = {
			isa = PBXNativeTarget;
			buildConfigurationList = 2624B6341F32647C005B9819 /* Build configuration list for PBXNativeTarget "GigameshBasicTests" */;
			buildPhases = (
				2624B6241F32647C005B9819 /* Sources */,
				2624B6251F32647C005B9819 /* Frameworks */,
				2624B6261F32647C005B9819 /* Resources */,
			);
			buildRules = (
			);
			dependencies = (
				2624B62A1F32647C005B9819 /* PBXTargetDependency */,
			);
			name = GigameshBasicTests;
			productName = GigameshBasicTests;
			productReference = 2624B6281F32647C005B9819 /* GigameshBasicTests.xctest */;
			productType = "com.apple.product-type.bundle.unit-test";
		};
/* End PBXNativeTarget section */

/* Begin PBXProject section */
		2624B60C1F32647C005B9819 /* Project object */ = {
			isa = PBXProject;
			attributes = {
				LastSwiftUpdateCheck = 0830;
				LastUpgradeCheck = 0830;
				ORGANIZATIONNAME = "Manuel Colmenero Navarro";
				TargetAttributes = {
					2624B6131F32647C005B9819 = {
						CreatedOnToolsVersion = 8.3.3;
						ProvisioningStyle = Automatic;
					};
					2624B6271F32647C005B9819 = {
						CreatedOnToolsVersion = 8.3.3;
						LastSwiftMigration = 0830;
						ProvisioningStyle = Automatic;
						TestTargetID = 2624B6131F32647C005B9819;
					};
				};
			};
			buildConfigurationList = 2624B60F1F32647C005B9819 /* Build configuration list for PBXProject "GigameshBasic" */;
			compatibilityVersion = "Xcode 3.2";
			developmentRegion = English;
			hasScannedForEncodings = 0;
			knownRegions = (
				en,
				Base,
			);
			mainGroup = 2624B60B1F32647C005B9819;
			productRefGroup = 2624B6151F32647C005B9819 /* Products */;
			projectDirPath = "";
			projectRoot = "";
			targets = (
				2624B6131F32647C005B9819 /* GigameshBasic */,
				2624B6271F32647C005B9819 /* GigameshBasicTests */,
			);
		};
/* End PBXProject section */

/* Begin PBXResourcesBuildPhase section */
		2624B6121F32647C005B9819 /* Resources */ = {
			isa = PBXResourcesBuildPhase;
			buildActionMask = 2147483647;
			files = (
				2680A2FE1F4AF567006F8EF1 /* noAuthorPhoto.jpg in Resources */,
				2624B6221F32647C005B9819 /* LaunchScreen.storyboard in Resources */,
				26AECB181F4ACA0600A3CCBA /* DescCustomTableViewCell.xib in Resources */,
				2680A2F41F4AED9B006F8EF1 /* Richard_Matheson.jpg in Resources */,
				26E314EE1F36418500C9C3CF /* el-caballero-de-los-siete-reinos-67.jpg in Resources */,
				2680A3021F4AF6EA006F8EF1 /* StartViewController.xib in Resources */,
				2680A2FD1F4AF567006F8EF1 /* logo_gigamesh.gif in Resources */,
				2680A2FC1F4AF567006F8EF1 /* bookIcon.png in Resources */,
				26786B131F4A00CC00904815 /* juego-de-tronos-28.jpg in Resources */,
				2680A2F31F4AED9B006F8EF1 /* George_RR_Martin.jpg in Resources */,
				26E314EF1F36418500C9C3CF /* Authors.json in Resources */,
				26E314F01F36418500C9C3CF /* Books.json in Resources */,
				261C1D4C1F45FD7800EB1A21 /* BookSecondCustomTableViewCell.xib in Resources */,
				2678DDED1F40C7AD0061D925 /* BookFirstCustomTableViewCell.xib in Resources */,
				26786B091F49F28000904815 /* ListCustomTableViewCell.xib in Resources */,
				2624B61F1F32647C005B9819 /* Assets.xcassets in Resources */,
			);
			runOnlyForDeploymentPostprocessing = 0;
		};
		2624B6261F32647C005B9819 /* Resources */ = {
			isa = PBXResourcesBuildPhase;
			buildActionMask = 2147483647;
			files = (
			);
			runOnlyForDeploymentPostprocessing = 0;
		};
/* End PBXResourcesBuildPhase section */

/* Begin PBXSourcesBuildPhase section */
		2624B6101F32647C005B9819 /* Sources */ = {
			isa = PBXSourcesBuildPhase;
			buildActionMask = 2147483647;
			files = (
				2680A2F01F4AEB17006F8EF1 /* AuthorListTableViewController.swift in Sources */,
				261C1D4B1F45FD7800EB1A21 /* BookSecondCustomTableViewCell.swift in Sources */,
				26BFA9C11F37897E009EA30E /* Author.swift in Sources */,
				2624B6181F32647C005B9819 /* AppDelegate.swift in Sources */,
				2680A2F81F4AEF7D006F8EF1 /* AuthorTableViewController.swift in Sources */,
				2680A3011F4AF6EA006F8EF1 /* StartViewController.swift in Sources */,
				26BFA9C31F378DF0009EA30E /* Book.swift in Sources */,
				26786B081F49F28000904815 /* ListCustomTableViewCell.swift in Sources */,
				26AECB171F4ACA0600A3CCBA /* DescCustomTableViewCell.swift in Sources */,
				26CD853A1F436BDB00A9541A /* BookTableViewController.swift in Sources */,
				26BFA9C71F3799EC009EA30E /* Repository.swift in Sources */,
				2678DDEC1F40C7AD0061D925 /* BookFirstCustomTableViewCell.swift in Sources */,
				264A70571F3CBFBF00016D05 /* UIKitExtensions.swift in Sources */,
				26786B0F1F49F51E00904815 /* BookListTableViewController.swift in Sources */,
				264A70591F3CBFDC00016D05 /* DateExtensions.swift in Sources */,
			);
			runOnlyForDeploymentPostprocessing = 0;
		};
		2624B6241F32647C005B9819 /* Sources */ = {
			isa = PBXSourcesBuildPhase;
			buildActionMask = 2147483647;
			files = (
				264A705D1F3CEDC300016D05 /* RepositoryTestLocal.swift in Sources */,
				264A705B1F3CEAEF00016D05 /* ModelTestBook.swift in Sources */,
				26BFA9C51F379817009EA30E /* ModelTestAuthor.swift in Sources */,
			);
			runOnlyForDeploymentPostprocessing = 0;
		};
/* End PBXSourcesBuildPhase section */

/* Begin PBXTargetDependency section */
		2624B62A1F32647C005B9819 /* PBXTargetDependency */ = {
			isa = PBXTargetDependency;
			target = 2624B6131F32647C005B9819 /* GigameshBasic */;
			targetProxy = 2624B6291F32647C005B9819 /* PBXContainerItemProxy */;
		};
/* End PBXTargetDependency section */

/* Begin PBXVariantGroup section */
		2624B6201F32647C005B9819 /* LaunchScreen.storyboard */ = {
			isa = PBXVariantGroup;
			children = (
				2624B6211F32647C005B9819 /* Base */,
				26E314E31F36414700C9C3CF /* es */,
			);
			name = LaunchScreen.storyboard;
			sourceTree = "<group>";
		};
/* End PBXVariantGroup section */

/* Begin XCBuildConfiguration section */
		2624B62F1F32647C005B9819 /* Debug */ = {
			isa = XCBuildConfiguration;
			buildSettings = {
				ALWAYS_SEARCH_USER_PATHS = NO;
				CLANG_ANALYZER_LOCALIZABILITY_NONLOCALIZED = YES;
				CLANG_ANALYZER_NONNULL = YES;
				CLANG_ANALYZER_NUMBER_OBJECT_CONVERSION = YES_AGGRESSIVE;
				CLANG_CXX_LANGUAGE_STANDARD = "gnu++0x";
				CLANG_CXX_LIBRARY = "libc++";
				CLANG_ENABLE_MODULES = YES;
				CLANG_ENABLE_OBJC_ARC = YES;
				CLANG_WARN_BOOL_CONVERSION = YES;
				CLANG_WARN_CONSTANT_CONVERSION = YES;
				CLANG_WARN_DIRECT_OBJC_ISA_USAGE = YES_ERROR;
				CLANG_WARN_DOCUMENTATION_COMMENTS = YES;
				CLANG_WARN_EMPTY_BODY = YES;
				CLANG_WARN_ENUM_CONVERSION = YES;
				CLANG_WARN_INFINITE_RECURSION = YES;
				CLANG_WARN_INT_CONVERSION = YES;
				CLANG_WARN_OBJC_ROOT_CLASS = YES_ERROR;
				CLANG_WARN_SUSPICIOUS_MOVE = YES;
				CLANG_WARN_UNREACHABLE_CODE = YES;
				CLANG_WARN__DUPLICATE_METHOD_MATCH = YES;
				"CODE_SIGN_IDENTITY[sdk=iphoneos*]" = "iPhone Developer";
				COPY_PHASE_STRIP = NO;
				DEBUG_INFORMATION_FORMAT = dwarf;
				ENABLE_STRICT_OBJC_MSGSEND = YES;
				ENABLE_TESTABILITY = YES;
				GCC_C_LANGUAGE_STANDARD = gnu99;
				GCC_DYNAMIC_NO_PIC = NO;
				GCC_NO_COMMON_BLOCKS = YES;
				GCC_OPTIMIZATION_LEVEL = 0;
				GCC_PREPROCESSOR_DEFINITIONS = (
					"DEBUG=1",
					"$(inherited)",
				);
				GCC_WARN_64_TO_32_BIT_CONVERSION = YES;
				GCC_WARN_ABOUT_RETURN_TYPE = YES_ERROR;
				GCC_WARN_UNDECLARED_SELECTOR = YES;
				GCC_WARN_UNINITIALIZED_AUTOS = YES_AGGRESSIVE;
				GCC_WARN_UNUSED_FUNCTION = YES;
				GCC_WARN_UNUSED_VARIABLE = YES;
				IPHONEOS_DEPLOYMENT_TARGET = 10.3;
				MTL_ENABLE_DEBUG_INFO = YES;
				ONLY_ACTIVE_ARCH = YES;
				SDKROOT = iphoneos;
				SWIFT_ACTIVE_COMPILATION_CONDITIONS = DEBUG;
				SWIFT_OPTIMIZATION_LEVEL = "-Onone";
				TARGETED_DEVICE_FAMILY = "1,2";
			};
			name = Debug;
		};
		2624B6301F32647C005B9819 /* Release */ = {
			isa = XCBuildConfiguration;
			buildSettings = {
				ALWAYS_SEARCH_USER_PATHS = NO;
				CLANG_ANALYZER_LOCALIZABILITY_NONLOCALIZED = YES;
				CLANG_ANALYZER_NONNULL = YES;
				CLANG_ANALYZER_NUMBER_OBJECT_CONVERSION = YES_AGGRESSIVE;
				CLANG_CXX_LANGUAGE_STANDARD = "gnu++0x";
				CLANG_CXX_LIBRARY = "libc++";
				CLANG_ENABLE_MODULES = YES;
				CLANG_ENABLE_OBJC_ARC = YES;
				CLANG_WARN_BOOL_CONVERSION = YES;
				CLANG_WARN_CONSTANT_CONVERSION = YES;
				CLANG_WARN_DIRECT_OBJC_ISA_USAGE = YES_ERROR;
				CLANG_WARN_DOCUMENTATION_COMMENTS = YES;
				CLANG_WARN_EMPTY_BODY = YES;
				CLANG_WARN_ENUM_CONVERSION = YES;
				CLANG_WARN_INFINITE_RECURSION = YES;
				CLANG_WARN_INT_CONVERSION = YES;
				CLANG_WARN_OBJC_ROOT_CLASS = YES_ERROR;
				CLANG_WARN_SUSPICIOUS_MOVE = YES;
				CLANG_WARN_UNREACHABLE_CODE = YES;
				CLANG_WARN__DUPLICATE_METHOD_MATCH = YES;
				"CODE_SIGN_IDENTITY[sdk=iphoneos*]" = "iPhone Developer";
				COPY_PHASE_STRIP = NO;
				DEBUG_INFORMATION_FORMAT = "dwarf-with-dsym";
				ENABLE_NS_ASSERTIONS = NO;
				ENABLE_STRICT_OBJC_MSGSEND = YES;
				GCC_C_LANGUAGE_STANDARD = gnu99;
				GCC_NO_COMMON_BLOCKS = YES;
				GCC_WARN_64_TO_32_BIT_CONVERSION = YES;
				GCC_WARN_ABOUT_RETURN_TYPE = YES_ERROR;
				GCC_WARN_UNDECLARED_SELECTOR = YES;
				GCC_WARN_UNINITIALIZED_AUTOS = YES_AGGRESSIVE;
				GCC_WARN_UNUSED_FUNCTION = YES;
				GCC_WARN_UNUSED_VARIABLE = YES;
				IPHONEOS_DEPLOYMENT_TARGET = 10.3;
				MTL_ENABLE_DEBUG_INFO = NO;
				SDKROOT = iphoneos;
				SWIFT_OPTIMIZATION_LEVEL = "-Owholemodule";
				TARGETED_DEVICE_FAMILY = "1,2";
				VALIDATE_PRODUCT = YES;
			};
			name = Release;
		};
		2624B6321F32647C005B9819 /* Debug */ = {
			isa = XCBuildConfiguration;
			buildSettings = {
				ASSETCATALOG_COMPILER_APPICON_NAME = AppIcon;
				INFOPLIST_FILE = GigameshBasic/Info.plist;
				LD_RUNPATH_SEARCH_PATHS = "$(inherited) @executable_path/Frameworks";
				PRODUCT_BUNDLE_IDENTIFIER = mclasha.GigameshBasic;
				PRODUCT_NAME = "$(TARGET_NAME)";
				SWIFT_VERSION = 3.0;
			};
			name = Debug;
		};
		2624B6331F32647C005B9819 /* Release */ = {
			isa = XCBuildConfiguration;
			buildSettings = {
				ASSETCATALOG_COMPILER_APPICON_NAME = AppIcon;
				INFOPLIST_FILE = GigameshBasic/Info.plist;
				LD_RUNPATH_SEARCH_PATHS = "$(inherited) @executable_path/Frameworks";
				PRODUCT_BUNDLE_IDENTIFIER = mclasha.GigameshBasic;
				PRODUCT_NAME = "$(TARGET_NAME)";
				SWIFT_VERSION = 3.0;
			};
			name = Release;
		};
		2624B6351F32647C005B9819 /* Debug */ = {
			isa = XCBuildConfiguration;
			buildSettings = {
				ALWAYS_EMBED_SWIFT_STANDARD_LIBRARIES = YES;
				BUNDLE_LOADER = "$(TEST_HOST)";
				CLANG_ENABLE_MODULES = YES;
				INFOPLIST_FILE = GigameshBasicTests/Info.plist;
				LD_RUNPATH_SEARCH_PATHS = "$(inherited) @executable_path/Frameworks @loader_path/Frameworks";
				PRODUCT_BUNDLE_IDENTIFIER = mclasha.GigameshBasicTests;
				PRODUCT_NAME = "$(TARGET_NAME)";
				SWIFT_OPTIMIZATION_LEVEL = "-Onone";
				SWIFT_VERSION = 3.0;
				TEST_HOST = "$(BUILT_PRODUCTS_DIR)/GigameshBasic.app/GigameshBasic";
			};
			name = Debug;
		};
		2624B6361F32647C005B9819 /* Release */ = {
			isa = XCBuildConfiguration;
			buildSettings = {
				ALWAYS_EMBED_SWIFT_STANDARD_LIBRARIES = YES;
				BUNDLE_LOADER = "$(TEST_HOST)";
				CLANG_ENABLE_MODULES = YES;
				INFOPLIST_FILE = GigameshBasicTests/Info.plist;
				LD_RUNPATH_SEARCH_PATHS = "$(inherited) @executable_path/Frameworks @loader_path/Frameworks";
				PRODUCT_BUNDLE_IDENTIFIER = mclasha.GigameshBasicTests;
				PRODUCT_NAME = "$(TARGET_NAME)";
				SWIFT_VERSION = 3.0;
				TEST_HOST = "$(BUILT_PRODUCTS_DIR)/GigameshBasic.app/GigameshBasic";
			};
			name = Release;
		};
/* End XCBuildConfiguration section */

/* Begin XCConfigurationList section */
		2624B60F1F32647C005B9819 /* Build configuration list for PBXProject "GigameshBasic" */ = {
			isa = XCConfigurationList;
			buildConfigurations = (
				2624B62F1F32647C005B9819 /* Debug */,
				2624B6301F32647C005B9819 /* Release */,
			);
			defaultConfigurationIsVisible = 0;
			defaultConfigurationName = Release;
		};
		2624B6311F32647C005B9819 /* Build configuration list for PBXNativeTarget "GigameshBasic" */ = {
			isa = XCConfigurationList;
			buildConfigurations = (
				2624B6321F32647C005B9819 /* Debug */,
				2624B6331F32647C005B9819 /* Release */,
			);
			defaultConfigurationIsVisible = 0;
			defaultConfigurationName = Release;
		};
		2624B6341F32647C005B9819 /* Build configuration list for PBXNativeTarget "GigameshBasicTests" */ = {
			isa = XCConfigurationList;
			buildConfigurations = (
				2624B6351F32647C005B9819 /* Debug */,
				2624B6361F32647C005B9819 /* Release */,
			);
			defaultConfigurationIsVisible = 0;
			defaultConfigurationName = Release;
		};
/* End XCConfigurationList section */
	};
	rootObject = 2624B60C1F32647C005B9819 /* Project object */;
}
